// !$*UTF8*$!
{
	archiveVersion = 1;
	classes = {
	};
	objectVersion = 50;
	objects = {

/* Begin PBXBuildFile section */
		646025132645395C00AC8E8E /* ContentView.swift in Sources */ = {isa = PBXBuildFile; fileRef = 646025122645395C00AC8E8E /* ContentView.swift */; };
		646025152645395E00AC8E8E /* Assets.xcassets in Resources */ = {isa = PBXBuildFile; fileRef = 646025142645395E00AC8E8E /* Assets.xcassets */; };
		646025182645395E00AC8E8E /* Preview Assets.xcassets in Resources */ = {isa = PBXBuildFile; fileRef = 646025172645395E00AC8E8E /* Preview Assets.xcassets */; };
		6460251B2645395E00AC8E8E /* LaunchScreen.storyboard in Resources */ = {isa = PBXBuildFile; fileRef = 646025192645395E00AC8E8E /* LaunchScreen.storyboard */; };
		6460252426453B4800AC8E8E /* NetworkManager.swift in Sources */ = {isa = PBXBuildFile; fileRef = 6460252326453B4800AC8E8E /* NetworkManager.swift */; };
		6460252626453C0900AC8E8E /* PostData.swift in Sources */ = {isa = PBXBuildFile; fileRef = 6460252526453C0900AC8E8E /* PostData.swift */; };
		646025292645417700AC8E8E /* DetailView.swift in Sources */ = {isa = PBXBuildFile; fileRef = 646025282645417700AC8E8E /* DetailView.swift */; };
		6460252B2645470500AC8E8E /* WebView.swift in Sources */ = {isa = PBXBuildFile; fileRef = 6460252A2645470500AC8E8E /* WebView.swift */; };
		64D99B3529D1B964003639BB /* H4XORNewsApp.swift in Sources */ = {isa = PBXBuildFile; fileRef = 64D99B3429D1B964003639BB /* H4XORNewsApp.swift */; };
		64D99B3829D1C67F003639BB /* Extensions.swift in Sources */ = {isa = PBXBuildFile; fileRef = 64D99B3729D1C67F003639BB /* Extensions.swift */; };
		64D99B3C29D1F4A8003639BB /* 2.png in Resources */ = {isa = PBXBuildFile; fileRef = 64D99B3A29D1F4A8003639BB /* 2.png */; };
		64D99B3D29D1F4A8003639BB /* 1.png in Resources */ = {isa = PBXBuildFile; fileRef = 64D99B3B29D1F4A8003639BB /* 1.png */; };
/* End PBXBuildFile section */

/* Begin PBXFileReference section */
		6460250B2645395C00AC8E8E /* H4X0R News.app */ = {isa = PBXFileReference; explicitFileType = wrapper.application; includeInIndex = 0; path = "H4X0R News.app"; sourceTree = BUILT_PRODUCTS_DIR; };
		646025122645395C00AC8E8E /* ContentView.swift */ = {isa = PBXFileReference; lastKnownFileType = sourcecode.swift; path = ContentView.swift; sourceTree = "<group>"; };
		646025142645395E00AC8E8E /* Assets.xcassets */ = {isa = PBXFileReference; lastKnownFileType = folder.assetcatalog; path = Assets.xcassets; sourceTree = "<group>"; };
		646025172645395E00AC8E8E /* Preview Assets.xcassets */ = {isa = PBXFileReference; lastKnownFileType = folder.assetcatalog; path = "Preview Assets.xcassets"; sourceTree = "<group>"; };
		6460251A2645395E00AC8E8E /* Base */ = {isa = PBXFileReference; lastKnownFileType = file.storyboard; name = Base; path = Base.lproj/LaunchScreen.storyboard; sourceTree = "<group>"; };
		6460251C2645395E00AC8E8E /* Info.plist */ = {isa = PBXFileReference; lastKnownFileType = text.plist.xml; path = Info.plist; sourceTree = "<group>"; };
		6460252326453B4800AC8E8E /* NetworkManager.swift */ = {isa = PBXFileReference; lastKnownFileType = sourcecode.swift; path = NetworkManager.swift; sourceTree = "<group>"; };
		6460252526453C0900AC8E8E /* PostData.swift */ = {isa = PBXFileReference; lastKnownFileType = sourcecode.swift; path = PostData.swift; sourceTree = "<group>"; };
		646025282645417700AC8E8E /* DetailView.swift */ = {isa = PBXFileReference; lastKnownFileType = sourcecode.swift; path = DetailView.swift; sourceTree = "<group>"; };
		6460252A2645470500AC8E8E /* WebView.swift */ = {isa = PBXFileReference; lastKnownFileType = sourcecode.swift; path = WebView.swift; sourceTree = "<group>"; };
		6460252C2645491300AC8E8E /* H4X0R News.entitlements */ = {isa = PBXFileReference; lastKnownFileType = text.plist.entitlements; path = "H4X0R News.entitlements"; sourceTree = "<group>"; };
		64D99B3429D1B964003639BB /* H4XORNewsApp.swift */ = {isa = PBXFileReference; lastKnownFileType = sourcecode.swift; path = H4XORNewsApp.swift; sourceTree = "<group>"; };
		64D99B3729D1C67F003639BB /* Extensions.swift */ = {isa = PBXFileReference; lastKnownFileType = sourcecode.swift; path = Extensions.swift; sourceTree = "<group>"; };
		64D99B3A29D1F4A8003639BB /* 2.png */ = {isa = PBXFileReference; lastKnownFileType = image.png; path = 2.png; sourceTree = "<group>"; };
		64D99B3B29D1F4A8003639BB /* 1.png */ = {isa = PBXFileReference; lastKnownFileType = image.png; path = 1.png; sourceTree = "<group>"; };
		64D99B3E29D1F51A003639BB /* readme.md */ = {isa = PBXFileReference; lastKnownFileType = net.daringfireball.markdown; path = readme.md; sourceTree = "<group>"; };
/* End PBXFileReference section */

/* Begin PBXFrameworksBuildPhase section */
		646025082645395C00AC8E8E /* Frameworks */ = {
			isa = PBXFrameworksBuildPhase;
			buildActionMask = 2147483647;
			files = (
			);
			runOnlyForDeploymentPostprocessing = 0;
		};
/* End PBXFrameworksBuildPhase section */

/* Begin PBXGroup section */
		646025022645395C00AC8E8E = {
			isa = PBXGroup;
			children = (
				64D99B3E29D1F51A003639BB /* readme.md */,
				64D99B3929D1F49A003639BB /* Documentation */,
				6460250D2645395C00AC8E8E /* H4X0R News */,
				6460250C2645395C00AC8E8E /* Products */,
			);
			sourceTree = "<group>";
		};
		6460250C2645395C00AC8E8E /* Products */ = {
			isa = PBXGroup;
			children = (
				6460250B2645395C00AC8E8E /* H4X0R News.app */,
			);
			name = Products;
			sourceTree = "<group>";
		};
		6460250D2645395C00AC8E8E /* H4X0R News */ = {
			isa = PBXGroup;
			children = (
				64D99B3629D1C675003639BB /* Extensions */,
				6460252C2645491300AC8E8E /* H4X0R News.entitlements */,
				64D99B3429D1B964003639BB /* H4XORNewsApp.swift */,
				6460252226453B3A00AC8E8E /* Models */,
				646025272645416A00AC8E8E /* Views */,
				646025142645395E00AC8E8E /* Assets.xcassets */,
				646025192645395E00AC8E8E /* LaunchScreen.storyboard */,
				6460251C2645395E00AC8E8E /* Info.plist */,
				646025162645395E00AC8E8E /* Preview Content */,
			);
			path = "H4X0R News";
			sourceTree = "<group>";
		};
		646025162645395E00AC8E8E /* Preview Content */ = {
			isa = PBXGroup;
			children = (
				646025172645395E00AC8E8E /* Preview Assets.xcassets */,
			);
			path = "Preview Content";
			sourceTree = "<group>";
		};
		6460252226453B3A00AC8E8E /* Models */ = {
			isa = PBXGroup;
			children = (
				6460252326453B4800AC8E8E /* NetworkManager.swift */,
				6460252526453C0900AC8E8E /* PostData.swift */,
			);
			path = Models;
			sourceTree = "<group>";
		};
		646025272645416A00AC8E8E /* Views */ = {
			isa = PBXGroup;
			children = (
				646025122645395C00AC8E8E /* ContentView.swift */,
				646025282645417700AC8E8E /* DetailView.swift */,
				6460252A2645470500AC8E8E /* WebView.swift */,
			);
			path = Views;
			sourceTree = "<group>";
		};
		64D99B3629D1C675003639BB /* Extensions */ = {
			isa = PBXGroup;
			children = (
				64D99B3729D1C67F003639BB /* Extensions.swift */,
			);
			path = Extensions;
			sourceTree = "<group>";
		};
		64D99B3929D1F49A003639BB /* Documentation */ = {
			isa = PBXGroup;
			children = (
				64D99B3B29D1F4A8003639BB /* 1.png */,
				64D99B3A29D1F4A8003639BB /* 2.png */,
			);
			path = Documentation;
			sourceTree = "<group>";
		};
/* End PBXGroup section */

/* Begin PBXNativeTarget section */
		6460250A2645395C00AC8E8E /* H4X0R News */ = {
			isa = PBXNativeTarget;
			buildConfigurationList = 6460251F2645395E00AC8E8E /* Build configuration list for PBXNativeTarget "H4X0R News" */;
			buildPhases = (
				646025072645395C00AC8E8E /* Sources */,
				646025082645395C00AC8E8E /* Frameworks */,
				646025092645395C00AC8E8E /* Resources */,
			);
			buildRules = (
			);
			dependencies = (
			);
			name = "H4X0R News";
			productName = "H4X0R News";
			productReference = 6460250B2645395C00AC8E8E /* H4X0R News.app */;
			productType = "com.apple.product-type.application";
		};
/* End PBXNativeTarget section */

/* Begin PBXProject section */
		646025032645395C00AC8E8E /* Project object */ = {
			isa = PBXProject;
			attributes = {
				LastSwiftUpdateCheck = 1250;
				LastUpgradeCheck = 1250;
				TargetAttributes = {
					6460250A2645395C00AC8E8E = {
						CreatedOnToolsVersion = 12.5;
					};
				};
			};
			buildConfigurationList = 646025062645395C00AC8E8E /* Build configuration list for PBXProject "H4X0R News" */;
			compatibilityVersion = "Xcode 9.3";
			developmentRegion = en;
			hasScannedForEncodings = 0;
			knownRegions = (
				en,
				Base,
			);
			mainGroup = 646025022645395C00AC8E8E;
			productRefGroup = 6460250C2645395C00AC8E8E /* Products */;
			projectDirPath = "";
			projectRoot = "";
			targets = (
				6460250A2645395C00AC8E8E /* H4X0R News */,
			);
		};
/* End PBXProject section */

/* Begin PBXResourcesBuildPhase section */
		646025092645395C00AC8E8E /* Resources */ = {
			isa = PBXResourcesBuildPhase;
			buildActionMask = 2147483647;
			files = (
				6460251B2645395E00AC8E8E /* LaunchScreen.storyboard in Resources */,
				64D99B3C29D1F4A8003639BB /* 2.png in Resources */,
				646025182645395E00AC8E8E /* Preview Assets.xcassets in Resources */,
				64D99B3D29D1F4A8003639BB /* 1.png in Resources */,
				646025152645395E00AC8E8E /* Assets.xcassets in Resources */,
			);
			runOnlyForDeploymentPostprocessing = 0;
		};
/* End PBXResourcesBuildPhase section */

/* Begin PBXSourcesBuildPhase section */
		646025072645395C00AC8E8E /* Sources */ = {
			isa = PBXSourcesBuildPhase;
			buildActionMask = 2147483647;
			files = (
				64D99B3529D1B964003639BB /* H4XORNewsApp.swift in Sources */,
				6460252626453C0900AC8E8E /* PostData.swift in Sources */,
				646025292645417700AC8E8E /* DetailView.swift in Sources */,
				6460252426453B4800AC8E8E /* NetworkManager.swift in Sources */,
				646025132645395C00AC8E8E /* ContentView.swift in Sources */,
				6460252B2645470500AC8E8E /* WebView.swift in Sources */,
				64D99B3829D1C67F003639BB /* Extensions.swift in Sources */,
			);
			runOnlyForDeploymentPostprocessing = 0;
		};
/* End PBXSourcesBuildPhase section */

/* Begin PBXVariantGroup section */
		646025192645395E00AC8E8E /* LaunchScreen.storyboard */ = {
			isa = PBXVariantGroup;
			children = (
				6460251A2645395E00AC8E8E /* Base */,
			);
			name = LaunchScreen.storyboard;
			sourceTree = "<group>";
		};
/* End PBXVariantGroup section */

/* Begin XCBuildConfiguration section */
		6460251D2645395E00AC8E8E /* Debug */ = {
			isa = XCBuildConfiguration;
			buildSettings = {
				ALWAYS_SEARCH_USER_PATHS = NO;
				CLANG_ANALYZER_NONNULL = YES;
				CLANG_ANALYZER_NUMBER_OBJECT_CONVERSION = YES_AGGRESSIVE;
				CLANG_CXX_LANGUAGE_STANDARD = "gnu++14";
				CLANG_CXX_LIBRARY = "libc++";
				CLANG_ENABLE_MODULES = YES;
				CLANG_ENABLE_OBJC_ARC = YES;
				CLANG_ENABLE_OBJC_WEAK = YES;
				CLANG_WARN_BLOCK_CAPTURE_AUTORELEASING = YES;
				CLANG_WARN_BOOL_CONVERSION = YES;
				CLANG_WARN_COMMA = YES;
				CLANG_WARN_CONSTANT_CONVERSION = YES;
				CLANG_WARN_DEPRECATED_OBJC_IMPLEMENTATIONS = YES;
				CLANG_WARN_DIRECT_OBJC_ISA_USAGE = YES_ERROR;
				CLANG_WARN_DOCUMENTATION_COMMENTS = YES;
				CLANG_WARN_EMPTY_BODY = YES;
				CLANG_WARN_ENUM_CONVERSION = YES;
				CLANG_WARN_INFINITE_RECURSION = YES;
				CLANG_WARN_INT_CONVERSION = YES;
				CLANG_WARN_NON_LITERAL_NULL_CONVERSION = YES;
				CLANG_WARN_OBJC_IMPLICIT_RETAIN_SELF = YES;
				CLANG_WARN_OBJC_LITERAL_CONVERSION = YES;
				CLANG_WARN_OBJC_ROOT_CLASS = YES_ERROR;
				CLANG_WARN_QUOTED_INCLUDE_IN_FRAMEWORK_HEADER = YES;
				CLANG_WARN_RANGE_LOOP_ANALYSIS = YES;
				CLANG_WARN_STRICT_PROTOTYPES = YES;
				CLANG_WARN_SUSPICIOUS_MOVE = YES;
				CLANG_WARN_UNGUARDED_AVAILABILITY = YES_AGGRESSIVE;
				CLANG_WARN_UNREACHABLE_CODE = YES;
				CLANG_WARN__DUPLICATE_METHOD_MATCH = YES;
				COPY_PHASE_STRIP = NO;
				DEBUG_INFORMATION_FORMAT = dwarf;
				ENABLE_STRICT_OBJC_MSGSEND = YES;
				ENABLE_TESTABILITY = YES;
				GCC_C_LANGUAGE_STANDARD = gnu11;
				GCC_DYNAMIC_NO_PIC = NO;
				GCC_NO_COMMON_BLOCKS = YES;
				GCC_OPTIMIZATION_LEVEL = 0;
				GCC_PREPROCESSOR_DEFINITIONS = (
					"DEBUG=1",
					"$(inherited)",
				);
				GCC_WARN_64_TO_32_BIT_CONVERSION = YES;
				GCC_WARN_ABOUT_RETURN_TYPE = YES_ERROR;
				GCC_WARN_UNDECLARED_SELECTOR = YES;
				GCC_WARN_UNINITIALIZED_AUTOS = YES_AGGRESSIVE;
				GCC_WARN_UNUSED_FUNCTION = YES;
				GCC_WARN_UNUSED_VARIABLE = YES;
				IPHONEOS_DEPLOYMENT_TARGET = 14.0;
				MTL_ENABLE_DEBUG_INFO = INCLUDE_SOURCE;
				MTL_FAST_MATH = YES;
				ONLY_ACTIVE_ARCH = YES;
				SDKROOT = iphoneos;
				SWIFT_ACTIVE_COMPILATION_CONDITIONS = DEBUG;
				SWIFT_OPTIMIZATION_LEVEL = "-Onone";
			};
			name = Debug;
		};
		6460251E2645395E00AC8E8E /* Release */ = {
			isa = XCBuildConfiguration;
			buildSettings = {
				ALWAYS_SEARCH_USER_PATHS = NO;
				CLANG_ANALYZER_NONNULL = YES;
				CLANG_ANALYZER_NUMBER_OBJECT_CONVERSION = YES_AGGRESSIVE;
				CLANG_CXX_LANGUAGE_STANDARD = "gnu++14";
				CLANG_CXX_LIBRARY = "libc++";
				CLANG_ENABLE_MODULES = YES;
				CLANG_ENABLE_OBJC_ARC = YES;
				CLANG_ENABLE_OBJC_WEAK = YES;
				CLANG_WARN_BLOCK_CAPTURE_AUTORELEASING = YES;
				CLANG_WARN_BOOL_CONVERSION = YES;
				CLANG_WARN_COMMA = YES;
				CLANG_WARN_CONSTANT_CONVERSION = YES;
				CLANG_WARN_DEPRECATED_OBJC_IMPLEMENTATIONS = YES;
				CLANG_WARN_DIRECT_OBJC_ISA_USAGE = YES_ERROR;
				CLANG_WARN_DOCUMENTATION_COMMENTS = YES;
				CLANG_WARN_EMPTY_BODY = YES;
				CLANG_WARN_ENUM_CONVERSION = YES;
				CLANG_WARN_INFINITE_RECURSION = YES;
				CLANG_WARN_INT_CONVERSION = YES;
				CLANG_WARN_NON_LITERAL_NULL_CONVERSION = YES;
				CLANG_WARN_OBJC_IMPLICIT_RETAIN_SELF = YES;
				CLANG_WARN_OBJC_LITERAL_CONVERSION = YES;
				CLANG_WARN_OBJC_ROOT_CLASS = YES_ERROR;
				CLANG_WARN_QUOTED_INCLUDE_IN_FRAMEWORK_HEADER = YES;
				CLANG_WARN_RANGE_LOOP_ANALYSIS = YES;
				CLANG_WARN_STRICT_PROTOTYPES = YES;
				CLANG_WARN_SUSPICIOUS_MOVE = YES;
				CLANG_WARN_UNGUARDED_AVAILABILITY = YES_AGGRESSIVE;
				CLANG_WARN_UNREACHABLE_CODE = YES;
				CLANG_WARN__DUPLICATE_METHOD_MATCH = YES;
				COPY_PHASE_STRIP = NO;
				DEBUG_INFORMATION_FORMAT = "dwarf-with-dsym";
				ENABLE_NS_ASSERTIONS = NO;
				ENABLE_STRICT_OBJC_MSGSEND = YES;
				GCC_C_LANGUAGE_STANDARD = gnu11;
				GCC_NO_COMMON_BLOCKS = YES;
				GCC_WARN_64_TO_32_BIT_CONVERSION = YES;
				GCC_WARN_ABOUT_RETURN_TYPE = YES_ERROR;
				GCC_WARN_UNDECLARED_SELECTOR = YES;
				GCC_WARN_UNINITIALIZED_AUTOS = YES_AGGRESSIVE;
				GCC_WARN_UNUSED_FUNCTION = YES;
				GCC_WARN_UNUSED_VARIABLE = YES;
				IPHONEOS_DEPLOYMENT_TARGET = 14.0;
				MTL_ENABLE_DEBUG_INFO = NO;
				MTL_FAST_MATH = YES;
				SDKROOT = iphoneos;
				SWIFT_COMPILATION_MODE = wholemodule;
				SWIFT_OPTIMIZATION_LEVEL = "-O";
				VALIDATE_PRODUCT = YES;
			};
			name = Release;
		};
		646025202645395E00AC8E8E /* Debug */ = {
			isa = XCBuildConfiguration;
			buildSettings = {
				ASSETCATALOG_COMPILER_APPICON_NAME = AppIcon;
				ASSETCATALOG_COMPILER_GLOBAL_ACCENT_COLOR_NAME = AccentColor;
				CODE_SIGN_ENTITLEMENTS = "H4X0R News/H4X0R News.entitlements";
				CODE_SIGN_STYLE = Automatic;
				DEVELOPMENT_ASSET_PATHS = "\"H4X0R News/Preview Content\"";
				DEVELOPMENT_TEAM = 453J5S23QT;
				ENABLE_PREVIEWS = YES;
				INFOPLIST_FILE = "H4X0R News/Info.plist";
				LD_RUNPATH_SEARCH_PATHS = (
					"$(inherited)",
					"@executable_path/Frameworks",
				);
				PRODUCT_BUNDLE_IDENTIFIER = "com.shmorado.H4X0R-News";
				PRODUCT_NAME = "$(TARGET_NAME)";
				SUPPORTS_MACCATALYST = YES;
				SWIFT_VERSION = 5.0;
				TARGETED_DEVICE_FAMILY = "1,2,6";
			};
			name = Debug;
		};
		646025212645395E00AC8E8E /* Release */ = {
			isa = XCBuildConfiguration;
			buildSettings = {
				ASSETCATALOG_COMPILER_APPICON_NAME = AppIcon;
				ASSETCATALOG_COMPILER_GLOBAL_ACCENT_COLOR_NAME = AccentColor;
				CODE_SIGN_ENTITLEMENTS = "H4X0R News/H4X0R News.entitlements";
				CODE_SIGN_STYLE = Automatic;
				DEVELOPMENT_ASSET_PATHS = "\"H4X0R News/Preview Content\"";
				DEVELOPMENT_TEAM = 453J5S23QT;
				ENABLE_PREVIEWS = YES;
				INFOPLIST_FILE = "H4X0R News/Info.plist";
				LD_RUNPATH_SEARCH_PATHS = (
					"$(inherited)",
					"@executable_path/Frameworks",
				);
				PRODUCT_BUNDLE_IDENTIFIER = "com.shmorado.H4X0R-News";
				PRODUCT_NAME = "$(TARGET_NAME)";
				SUPPORTS_MACCATALYST = YES;
				SWIFT_VERSION = 5.0;
				TARGETED_DEVICE_FAMILY = "1,2,6";
			};
			name = Release;
		};
/* End XCBuildConfiguration section */

/* Begin XCConfigurationList section */
		646025062645395C00AC8E8E /* Build configuration list for PBXProject "H4X0R News" */ = {
			isa = XCConfigurationList;
			buildConfigurations = (
				6460251D2645395E00AC8E8E /* Debug */,
				6460251E2645395E00AC8E8E /* Release */,
			);
			defaultConfigurationIsVisible = 0;
			defaultConfigurationName = Release;
		};
		6460251F2645395E00AC8E8E /* Build configuration list for PBXNativeTarget "H4X0R News" */ = {
			isa = XCConfigurationList;
			buildConfigurations = (
				646025202645395E00AC8E8E /* Debug */,
				646025212645395E00AC8E8E /* Release */,
			);
			defaultConfigurationIsVisible = 0;
			defaultConfigurationName = Release;
		};
/* End XCConfigurationList section */
	};
	rootObject = 646025032645395C00AC8E8E /* Project object */;
}
